Microsoft Visual Studio Solution File, Format Version 12.00
# Visual Studio Version 17
VisualStudioVersion = 17.5.2.0
MinimumVisualStudioVersion = 10.0.40219.1
Project("{FAE04EC0-301F-11D3-BF4B-00C04F79EFBC}") = "1practice", "1practice.csproj", "{46112FCE-0F41-3601-D4CE-7B78AD043603}"
EndProject
Global
	GlobalSection(SolutionConfigurationPlatforms) = preSolution
		Debug|Any CPU = Debug|Any CPU
		Release|Any CPU = Release|Any CPU
	EndGlobalSection
	GlobalSection(ProjectConfigurationPlatforms) = postSolution
		{46112FCE-0F41-3601-D4CE-7B78AD043603}.Debug|Any CPU.ActiveCfg = Debug|Any CPU
		{46112FCE-0F41-3601-D4CE-7B78AD043603}.Debug|Any CPU.Build.0 = Debug|Any CPU
		{46112FCE-0F41-3601-D4CE-7B78AD043603}.Release|Any CPU.ActiveCfg = Release|Any CPU
		{46112FCE-0F41-3601-D4CE-7B78AD043603}.Release|Any CPU.Build.0 = Release|Any CPU
	EndGlobalSection
	GlobalSection(SolutionProperties) = preSolution
		HideSolutionNode = FALSE
	EndGlobalSection
	GlobalSection(ExtensibilityGlobals) = postSolution
		SolutionGuid = {A2D669C3-705C-4190-B982-8F6CA5976369}
	EndGlobalSection
EndGlobal
